
Microsoft Visual Studio Solution File, Format Version 12.00
# Visual Studio 15
VisualStudioVersion = 15.0.27130.2026
MinimumVisualStudioVersion = 10.0.40219.1
Project("{9A19103F-16F7-4668-BE54-9A1E7A4F7556}") = "Brik.Security.VkontakteMiddleware", "Brik.Security.VkontakteMiddleware\Brik.Security.VkontakteMiddleware.csproj", "{EE97F65F-0EBE-4EA0-A9F4-7C81C29B08BC}"
EndProject
Global
	GlobalSection(SolutionConfigurationPlatforms) = preSolution
		Debug|Any CPU = Debug|Any CPU
		Release|Any CPU = Release|Any CPU
	EndGlobalSection
	GlobalSection(ProjectConfigurationPlatforms) = postSolution
		{EE97F65F-0EBE-4EA0-A9F4-7C81C29B08BC}.Debug|Any CPU.ActiveCfg = Debug|Any CPU
		{EE97F65F-0EBE-4EA0-A9F4-7C81C29B08BC}.Debug|Any CPU.Build.0 = Debug|Any CPU
		{EE97F65F-0EBE-4EA0-A9F4-7C81C29B08BC}.Release|Any CPU.ActiveCfg = Release|Any CPU
		{EE97F65F-0EBE-4EA0-A9F4-7C81C29B08BC}.Release|Any CPU.Build.0 = Release|Any CPU
	EndGlobalSection
	GlobalSection(SolutionProperties) = preSolution
		HideSolutionNode = FALSE
	EndGlobalSection
	GlobalSection(ExtensibilityGlobals) = postSolution
		SolutionGuid = {82629C44-AF6A-4EBD-803A-217D5C2EDDF4}
	EndGlobalSection
EndGlobal
